
Microsoft Visual Studio Solution File, Format Version 12.00
# Visual Studio Version 17
VisualStudioVersion = 17.4.33403.182
MinimumVisualStudioVersion = 10.0.40219.1
Project("{FAE04EC0-301F-11D3-BF4B-00C04F79EFBC}") = "Devices-logger", "Devices-logger.csproj", "{8E7F7503-9AA8-454B-883C-F948F5AC287F}"
EndProject
Global
	GlobalSection(SolutionConfigurationPlatforms) = preSolution
		Debug|Any CPU = Debug|Any CPU
		Release|Any CPU = Release|Any CPU
	EndGlobalSection
	GlobalSection(ProjectConfigurationPlatforms) = postSolution
		{8E7F7503-9AA8-454B-883C-F948F5AC287F}.Debug|Any CPU.ActiveCfg = Debug|Any CPU
		{8E7F7503-9AA8-454B-883C-F948F5AC287F}.Debug|Any CPU.Build.0 = Debug|Any CPU
		{8E7F7503-9AA8-454B-883C-F948F5AC287F}.Release|Any CPU.ActiveCfg = Release|Any CPU
		{8E7F7503-9AA8-454B-883C-F948F5AC287F}.Release|Any CPU.Build.0 = Release|Any CPU
	EndGlobalSection
	GlobalSection(SolutionProperties) = preSolution
		HideSolutionNode = FALSE
	EndGlobalSection
	GlobalSection(ExtensibilityGlobals) = postSolution
		SolutionGuid = {B3B6192D-E55D-4A36-A587-B5784DA956F4}
	EndGlobalSection
EndGlobal
